# This file is automatically @generated by Cargo.
# It is not intended for manual editing.
version = 3

[[package]]
name = "addtwonumbers"
version = "0.1.0"

[[package]]
name = "autori"
version = "0.1.0"

[[package]]
name = "flatbokuveisla"
version = "0.1.0"

[[package]]
name = "isyavowel"
version = "0.1.0"

[[package]]
name = "metronome"
version = "0.1.0"

[[package]]
name = "millifaersla"
version = "0.1.0"

[[package]]
name = "ovissa"
version = "0.1.0"

[[package]]
name = "quadrant"
version = "0.1.0"

[[package]]
name = "reduplikation"
version = "0.1.0"

[[package]]
name = "twostones"
version = "0.1.0"

[[package]]
name = "velkomin"
version = "0.1.0"

[[package]]
name = "vidsnuningur"
version = "0.1.0"
